
Microsoft Visual Studio Solution File, Format Version 12.00
# Visual Studio Version 17
VisualStudioVersion = 17.10.34928.147
MinimumVisualStudioVersion = 10.0.40219.1
Project("{FAE04EC0-301F-11D3-BF4B-00C04F79EFBC}") = "HW 0", "HW 0.csproj", "{32AABBF1-1C7E-44B0-87F0-155A97531552}"
EndProject
Global
	GlobalSection(SolutionConfigurationPlatforms) = preSolution
		Debug|Any CPU = Debug|Any CPU
		Release|Any CPU = Release|Any CPU
	EndGlobalSection
	GlobalSection(ProjectConfigurationPlatforms) = postSolution
		{32AABBF1-1C7E-44B0-87F0-155A97531552}.Debug|Any CPU.ActiveCfg = Debug|Any CPU
		{32AABBF1-1C7E-44B0-87F0-155A97531552}.Debug|Any CPU.Build.0 = Debug|Any CPU
		{32AABBF1-1C7E-44B0-87F0-155A97531552}.Release|Any CPU.ActiveCfg = Release|Any CPU
		{32AABBF1-1C7E-44B0-87F0-155A97531552}.Release|Any CPU.Build.0 = Release|Any CPU
	EndGlobalSection
	GlobalSection(SolutionProperties) = preSolution
		HideSolutionNode = FALSE
	EndGlobalSection
	GlobalSection(ExtensibilityGlobals) = postSolution
		SolutionGuid = {B92894A5-1D7D-4610-BE4D-770413EACE42}
	EndGlobalSection
EndGlobal
